// !$*UTF8*$!
{
	archiveVersion = 1;
	classes = {
	};
	objectVersion = 50;
	objects = {

/* Begin PBXBuildFile section */
		1915D4DC226E19FF00BBC463 /* TabbarViewController.swift in Sources */ = {isa = PBXBuildFile; fileRef = 1915D4DB226E19FF00BBC463 /* TabbarViewController.swift */; };
		1915D4EA2270D04E00BBC463 /* SettingsController.swift in Sources */ = {isa = PBXBuildFile; fileRef = 1915D4E92270D04E00BBC463 /* SettingsController.swift */; };
		19298635225F406000765D3A /* ProfileTabController.swift in Sources */ = {isa = PBXBuildFile; fileRef = 19298634225F406000765D3A /* ProfileTabController.swift */; };
		192E33A42258C51500C63CEB /* ConstantsAndRequestFunctions.swift in Sources */ = {isa = PBXBuildFile; fileRef = 192E33A32258C51500C63CEB /* ConstantsAndRequestFunctions.swift */; };
		195D78292269CB140041B1CF /* TauPay.png in Resources */ = {isa = PBXBuildFile; fileRef = 195D78282269CB140041B1CF /* TauPay.png */; };
		1965F06E225E24C700C8427D /* ForgotPassword.swift in Sources */ = {isa = PBXBuildFile; fileRef = 1965F06D225E24C700C8427D /* ForgotPassword.swift */; };
		1965F072225E717500C8427D /* FirstLogin.swift in Sources */ = {isa = PBXBuildFile; fileRef = 1965F071225E717500C8427D /* FirstLogin.swift */; };
		1967EFBF224E355200E0173F /* FeedbackViewController.swift in Sources */ = {isa = PBXBuildFile; fileRef = 1967EFBE224E355200E0173F /* FeedbackViewController.swift */; };
		19789EDC225A3B010028029C /* ChangePasswordViewController.swift in Sources */ = {isa = PBXBuildFile; fileRef = 19789EDB225A3B010028029C /* ChangePasswordViewController.swift */; };
		197DFBE4225FAD8000F84A18 /* NotificationCenterExtension.swift in Sources */ = {isa = PBXBuildFile; fileRef = 197DFBE3225FAD8000F84A18 /* NotificationCenterExtension.swift */; };
		19B58DBC223D298500B081FD /* AppDelegate.swift in Sources */ = {isa = PBXBuildFile; fileRef = 19B58DBB223D298500B081FD /* AppDelegate.swift */; };
		19B58DBE223D298500B081FD /* Bagis.swift in Sources */ = {isa = PBXBuildFile; fileRef = 19B58DBD223D298500B081FD /* Bagis.swift */; };
		19B58DC0223D298500B081FD /* Profil.swift in Sources */ = {isa = PBXBuildFile; fileRef = 19B58DBF223D298500B081FD /* Profil.swift */; };
		19B58DC3223D298500B081FD /* Main.storyboard in Resources */ = {isa = PBXBuildFile; fileRef = 19B58DC1223D298500B081FD /* Main.storyboard */; };
		19B58DC5223D298600B081FD /* Assets.xcassets in Resources */ = {isa = PBXBuildFile; fileRef = 19B58DC4223D298600B081FD /* Assets.xcassets */; };
		19B58DD3223D298600B081FD /* Tau_PayTests.swift in Sources */ = {isa = PBXBuildFile; fileRef = 19B58DD2223D298600B081FD /* Tau_PayTests.swift */; };
		19B58DDE223D298600B081FD /* Tau_PayUITests.swift in Sources */ = {isa = PBXBuildFile; fileRef = 19B58DDD223D298600B081FD /* Tau_PayUITests.swift */; };
		19B58DEC223D2D4C00B081FD /* Oner.swift in Sources */ = {isa = PBXBuildFile; fileRef = 19B58DEB223D2D4C00B081FD /* Oner.swift */; };
		19B58DEE223D323800B081FD /* ParaGonder.swift in Sources */ = {isa = PBXBuildFile; fileRef = 19B58DED223D323800B081FD /* ParaGonder.swift */; };
		19DA6AC7224B3D7500D1F3CF /* LoginViewController.swift in Sources */ = {isa = PBXBuildFile; fileRef = 19DA6AC6224B3D7500D1F3CF /* LoginViewController.swift */; };
		19E446F72282FD79005D12A5 /* ConstantViewFunctions.swift in Sources */ = {isa = PBXBuildFile; fileRef = 19E446F62282FD79005D12A5 /* ConstantViewFunctions.swift */; };
		19E9CF41227F5D83006E6EE5 /* Localizable.strings in Resources */ = {isa = PBXBuildFile; fileRef = 19E9CF43227F5D83006E6EE5 /* Localizable.strings */; };
		19E9CF46227F5DC1006E6EE5 /* BagisStoryboard.storyboard in Resources */ = {isa = PBXBuildFile; fileRef = 19E9CF48227F5DC1006E6EE5 /* BagisStoryboard.storyboard */; };
		19E9CF4F227F5E6E006E6EE5 /* BezahlenPage.storyboard in Resources */ = {isa = PBXBuildFile; fileRef = 19E9CF51227F5E6E006E6EE5 /* BezahlenPage.storyboard */; };
		19E9CF58227F5E7C006E6EE5 /* ChangePasswordPage.storyboard in Resources */ = {isa = PBXBuildFile; fileRef = 19E9CF5A227F5E7C006E6EE5 /* ChangePasswordPage.storyboard */; };
		19E9CF5B227F5E83006E6EE5 /* FeedbackPage.storyboard in Resources */ = {isa = PBXBuildFile; fileRef = 19E9CF5D227F5E83006E6EE5 /* FeedbackPage.storyboard */; };
		19E9CF5E227F5E87006E6EE5 /* FirstLoginPage.storyboard in Resources */ = {isa = PBXBuildFile; fileRef = 19E9CF60227F5E87006E6EE5 /* FirstLoginPage.storyboard */; };
		19E9CF61227F5E8D006E6EE5 /* ForgotPasswordPage.storyboard in Resources */ = {isa = PBXBuildFile; fileRef = 19E9CF63227F5E8D006E6EE5 /* ForgotPasswordPage.storyboard */; };
		19E9CF64227F5E91006E6EE5 /* ProfilePage.storyboard in Resources */ = {isa = PBXBuildFile; fileRef = 19E9CF66227F5E91006E6EE5 /* ProfilePage.storyboard */; };
		19E9CF67227F5E95006E6EE5 /* RecommendPage.storyboard in Resources */ = {isa = PBXBuildFile; fileRef = 19E9CF69227F5E95006E6EE5 /* RecommendPage.storyboard */; };
		19E9CF6A227F5E9A006E6EE5 /* SettingsPage.storyboard in Resources */ = {isa = PBXBuildFile; fileRef = 19E9CF6C227F5E9A006E6EE5 /* SettingsPage.storyboard */; };
		19E9CF6D227F5E9D006E6EE5 /* TransferPage.storyboard in Resources */ = {isa = PBXBuildFile; fileRef = 19E9CF6F227F5E9D006E6EE5 /* TransferPage.storyboard */; };
		19E9CFA122802BFE006E6EE5 /* Bundle.swift in Sources */ = {isa = PBXBuildFile; fileRef = 19E9CFA022802BFE006E6EE5 /* Bundle.swift */; };
		19E9CFA322802D60006E6EE5 /* String.swift in Sources */ = {isa = PBXBuildFile; fileRef = 19E9CFA222802D60006E6EE5 /* String.swift */; };
		76B467EC225E25B300DD2E25 /* Bezahlen.swift in Sources */ = {isa = PBXBuildFile; fileRef = 76B467EB225E25B300DD2E25 /* Bezahlen.swift */; };
/* End PBXBuildFile section */

/* Begin PBXContainerItemProxy section */
		19B58DCF223D298600B081FD /* PBXContainerItemProxy */ = {
			isa = PBXContainerItemProxy;
			containerPortal = 19B58DB0223D298500B081FD /* Project object */;
			proxyType = 1;
			remoteGlobalIDString = 19B58DB7223D298500B081FD;
			remoteInfo = "Tau-Pay";
		};
		19B58DDA223D298600B081FD /* PBXContainerItemProxy */ = {
			isa = PBXContainerItemProxy;
			containerPortal = 19B58DB0223D298500B081FD /* Project object */;
			proxyType = 1;
			remoteGlobalIDString = 19B58DB7223D298500B081FD;
			remoteInfo = "Tau-Pay";
		};
/* End PBXContainerItemProxy section */

/* Begin PBXFileReference section */
		1915D4DB226E19FF00BBC463 /* TabbarViewController.swift */ = {isa = PBXFileReference; lastKnownFileType = sourcecode.swift; path = TabbarViewController.swift; sourceTree = "<group>"; };
		1915D4E92270D04E00BBC463 /* SettingsController.swift */ = {isa = PBXFileReference; lastKnownFileType = sourcecode.swift; path = SettingsController.swift; sourceTree = "<group>"; };
		19298634225F406000765D3A /* ProfileTabController.swift */ = {isa = PBXFileReference; lastKnownFileType = sourcecode.swift; path = ProfileTabController.swift; sourceTree = "<group>"; };
		192E33A32258C51500C63CEB /* ConstantsAndRequestFunctions.swift */ = {isa = PBXFileReference; lastKnownFileType = sourcecode.swift; path = ConstantsAndRequestFunctions.swift; sourceTree = "<group>"; };
		195D78282269CB140041B1CF /* TauPay.png */ = {isa = PBXFileReference; lastKnownFileType = image.png; path = TauPay.png; sourceTree = "<group>"; };
		1965F06D225E24C700C8427D /* ForgotPassword.swift */ = {isa = PBXFileReference; lastKnownFileType = sourcecode.swift; path = ForgotPassword.swift; sourceTree = "<group>"; };
		1965F071225E717500C8427D /* FirstLogin.swift */ = {isa = PBXFileReference; lastKnownFileType = sourcecode.swift; path = FirstLogin.swift; sourceTree = "<group>"; };
		1967EFBE224E355200E0173F /* FeedbackViewController.swift */ = {isa = PBXFileReference; lastKnownFileType = sourcecode.swift; path = FeedbackViewController.swift; sourceTree = "<group>"; };
		19789EDB225A3B010028029C /* ChangePasswordViewController.swift */ = {isa = PBXFileReference; lastKnownFileType = sourcecode.swift; path = ChangePasswordViewController.swift; sourceTree = "<group>"; };
		197DFBE3225FAD8000F84A18 /* NotificationCenterExtension.swift */ = {isa = PBXFileReference; lastKnownFileType = sourcecode.swift; path = NotificationCenterExtension.swift; sourceTree = "<group>"; };
		19B58DB8223D298500B081FD /* Tau-Pay.app */ = {isa = PBXFileReference; explicitFileType = wrapper.application; includeInIndex = 0; path = "Tau-Pay.app"; sourceTree = BUILT_PRODUCTS_DIR; };
		19B58DBB223D298500B081FD /* AppDelegate.swift */ = {isa = PBXFileReference; lastKnownFileType = sourcecode.swift; path = AppDelegate.swift; sourceTree = "<group>"; };
		19B58DBD223D298500B081FD /* Bagis.swift */ = {isa = PBXFileReference; lastKnownFileType = sourcecode.swift; path = Bagis.swift; sourceTree = "<group>"; };
		19B58DBF223D298500B081FD /* Profil.swift */ = {isa = PBXFileReference; lastKnownFileType = sourcecode.swift; path = Profil.swift; sourceTree = "<group>"; };
		19B58DC2223D298500B081FD /* Base */ = {isa = PBXFileReference; lastKnownFileType = file.storyboard; name = Base; path = Base.lproj/Main.storyboard; sourceTree = "<group>"; };
		19B58DC4223D298600B081FD /* Assets.xcassets */ = {isa = PBXFileReference; lastKnownFileType = folder.assetcatalog; path = Assets.xcassets; sourceTree = "<group>"; };
		19B58DC9223D298600B081FD /* Info.plist */ = {isa = PBXFileReference; lastKnownFileType = text.plist.xml; path = Info.plist; sourceTree = "<group>"; };
		19B58DCE223D298600B081FD /* Tau-PayTests.xctest */ = {isa = PBXFileReference; explicitFileType = wrapper.cfbundle; includeInIndex = 0; path = "Tau-PayTests.xctest"; sourceTree = BUILT_PRODUCTS_DIR; };
		19B58DD2223D298600B081FD /* Tau_PayTests.swift */ = {isa = PBXFileReference; lastKnownFileType = sourcecode.swift; path = Tau_PayTests.swift; sourceTree = "<group>"; };
		19B58DD4223D298600B081FD /* Info.plist */ = {isa = PBXFileReference; lastKnownFileType = text.plist.xml; path = Info.plist; sourceTree = "<group>"; };
		19B58DD9223D298600B081FD /* Tau-PayUITests.xctest */ = {isa = PBXFileReference; explicitFileType = wrapper.cfbundle; includeInIndex = 0; path = "Tau-PayUITests.xctest"; sourceTree = BUILT_PRODUCTS_DIR; };
		19B58DDD223D298600B081FD /* Tau_PayUITests.swift */ = {isa = PBXFileReference; lastKnownFileType = sourcecode.swift; path = Tau_PayUITests.swift; sourceTree = "<group>"; };
		19B58DDF223D298600B081FD /* Info.plist */ = {isa = PBXFileReference; lastKnownFileType = text.plist.xml; path = Info.plist; sourceTree = "<group>"; };
		19B58DEB223D2D4C00B081FD /* Oner.swift */ = {isa = PBXFileReference; lastKnownFileType = sourcecode.swift; path = Oner.swift; sourceTree = "<group>"; };
		19B58DED223D323800B081FD /* ParaGonder.swift */ = {isa = PBXFileReference; lastKnownFileType = sourcecode.swift; path = ParaGonder.swift; sourceTree = "<group>"; };
		19DA6AC6224B3D7500D1F3CF /* LoginViewController.swift */ = {isa = PBXFileReference; lastKnownFileType = sourcecode.swift; path = LoginViewController.swift; sourceTree = "<group>"; };
		19E446F62282FD79005D12A5 /* ConstantViewFunctions.swift */ = {isa = PBXFileReference; lastKnownFileType = sourcecode.swift; path = ConstantViewFunctions.swift; sourceTree = "<group>"; };
		19E9CF34227F5A56006E6EE5 /* tr */ = {isa = PBXFileReference; lastKnownFileType = text.plist.strings; name = tr; path = tr.lproj/Main.strings; sourceTree = "<group>"; };
		19E9CF35227F5A5D006E6EE5 /* de */ = {isa = PBXFileReference; lastKnownFileType = text.plist.strings; name = de; path = de.lproj/Main.strings; sourceTree = "<group>"; };
		19E9CF44227F5D88006E6EE5 /* tr */ = {isa = PBXFileReference; lastKnownFileType = text.plist.strings; name = tr; path = tr.lproj/Localizable.strings; sourceTree = "<group>"; };
		19E9CF45227F5D89006E6EE5 /* de */ = {isa = PBXFileReference; lastKnownFileType = text.plist.strings; name = de; path = de.lproj/Localizable.strings; sourceTree = "<group>"; };
		19E9CF47227F5DC1006E6EE5 /* Base */ = {isa = PBXFileReference; lastKnownFileType = file.storyboard; name = Base; path = Base.lproj/BagisStoryboard.storyboard; sourceTree = "<group>"; };
		19E9CF4C227F5DCF006E6EE5 /* tr */ = {isa = PBXFileReference; lastKnownFileType = text.plist.strings; name = tr; path = tr.lproj/BagisStoryboard.strings; sourceTree = "<group>"; };
		19E9CF4E227F5DD0006E6EE5 /* de */ = {isa = PBXFileReference; lastKnownFileType = text.plist.strings; name = de; path = de.lproj/BagisStoryboard.strings; sourceTree = "<group>"; };
		19E9CF50227F5E6E006E6EE5 /* Base */ = {isa = PBXFileReference; lastKnownFileType = file.storyboard; name = Base; path = Base.lproj/BezahlenPage.storyboard; sourceTree = "<group>"; };
		19E9CF55227F5E75006E6EE5 /* tr */ = {isa = PBXFileReference; lastKnownFileType = text.plist.strings; name = tr; path = tr.lproj/BezahlenPage.strings; sourceTree = "<group>"; };
		19E9CF57227F5E76006E6EE5 /* de */ = {isa = PBXFileReference; lastKnownFileType = text.plist.strings; name = de; path = de.lproj/BezahlenPage.strings; sourceTree = "<group>"; };
		19E9CF59227F5E7C006E6EE5 /* Base */ = {isa = PBXFileReference; lastKnownFileType = file.storyboard; name = Base; path = Base.lproj/ChangePasswordPage.storyboard; sourceTree = "<group>"; };
		19E9CF5C227F5E83006E6EE5 /* Base */ = {isa = PBXFileReference; lastKnownFileType = file.storyboard; name = Base; path = Base.lproj/FeedbackPage.storyboard; sourceTree = "<group>"; };
		19E9CF5F227F5E87006E6EE5 /* Base */ = {isa = PBXFileReference; lastKnownFileType = file.storyboard; name = Base; path = Base.lproj/FirstLoginPage.storyboard; sourceTree = "<group>"; };
		19E9CF62227F5E8D006E6EE5 /* Base */ = {isa = PBXFileReference; lastKnownFileType = file.storyboard; name = Base; path = Base.lproj/ForgotPasswordPage.storyboard; sourceTree = "<group>"; };
		19E9CF65227F5E91006E6EE5 /* Base */ = {isa = PBXFileReference; lastKnownFileType = file.storyboard; name = Base; path = Base.lproj/ProfilePage.storyboard; sourceTree = "<group>"; };
		19E9CF68227F5E95006E6EE5 /* Base */ = {isa = PBXFileReference; lastKnownFileType = file.storyboard; name = Base; path = Base.lproj/RecommendPage.storyboard; sourceTree = "<group>"; };
		19E9CF6B227F5E9A006E6EE5 /* Base */ = {isa = PBXFileReference; lastKnownFileType = file.storyboard; name = Base; path = Base.lproj/SettingsPage.storyboard; sourceTree = "<group>"; };
		19E9CF6E227F5E9D006E6EE5 /* Base */ = {isa = PBXFileReference; lastKnownFileType = file.storyboard; name = Base; path = Base.lproj/TransferPage.storyboard; sourceTree = "<group>"; };
		19E9CF73227F5EA8006E6EE5 /* tr */ = {isa = PBXFileReference; lastKnownFileType = text.plist.strings; name = tr; path = tr.lproj/ChangePasswordPage.strings; sourceTree = "<group>"; };
		19E9CF75227F5EA8006E6EE5 /* de */ = {isa = PBXFileReference; lastKnownFileType = text.plist.strings; name = de; path = de.lproj/ChangePasswordPage.strings; sourceTree = "<group>"; };
		19E9CF79227F5EAC006E6EE5 /* tr */ = {isa = PBXFileReference; lastKnownFileType = text.plist.strings; name = tr; path = tr.lproj/FeedbackPage.strings; sourceTree = "<group>"; };
		19E9CF7B227F5EAD006E6EE5 /* de */ = {isa = PBXFileReference; lastKnownFileType = text.plist.strings; name = de; path = de.lproj/FeedbackPage.strings; sourceTree = "<group>"; };
		19E9CF7F227F5EB0006E6EE5 /* tr */ = {isa = PBXFileReference; lastKnownFileType = text.plist.strings; name = tr; path = tr.lproj/FirstLoginPage.strings; sourceTree = "<group>"; };
		19E9CF81227F5EB1006E6EE5 /* de */ = {isa = PBXFileReference; lastKnownFileType = text.plist.strings; name = de; path = de.lproj/FirstLoginPage.strings; sourceTree = "<group>"; };
		19E9CF85227F5EB4006E6EE5 /* tr */ = {isa = PBXFileReference; lastKnownFileType = text.plist.strings; name = tr; path = tr.lproj/ForgotPasswordPage.strings; sourceTree = "<group>"; };
		19E9CF87227F5EB5006E6EE5 /* de */ = {isa = PBXFileReference; lastKnownFileType = text.plist.strings; name = de; path = de.lproj/ForgotPasswordPage.strings; sourceTree = "<group>"; };
		19E9CF8B227F5EB9006E6EE5 /* tr */ = {isa = PBXFileReference; lastKnownFileType = text.plist.strings; name = tr; path = tr.lproj/ProfilePage.strings; sourceTree = "<group>"; };
		19E9CF8D227F5EBD006E6EE5 /* de */ = {isa = PBXFileReference; lastKnownFileType = text.plist.strings; name = de; path = de.lproj/ProfilePage.strings; sourceTree = "<group>"; };
		19E9CF91227F5EC4006E6EE5 /* tr */ = {isa = PBXFileReference; lastKnownFileType = text.plist.strings; name = tr; path = tr.lproj/RecommendPage.strings; sourceTree = "<group>"; };
		19E9CF93227F5EC5006E6EE5 /* de */ = {isa = PBXFileReference; lastKnownFileType = text.plist.strings; name = de; path = de.lproj/RecommendPage.strings; sourceTree = "<group>"; };
		19E9CF97227F5ECB006E6EE5 /* tr */ = {isa = PBXFileReference; lastKnownFileType = text.plist.strings; name = tr; path = tr.lproj/SettingsPage.strings; sourceTree = "<group>"; };
		19E9CF99227F5ECD006E6EE5 /* de */ = {isa = PBXFileReference; lastKnownFileType = text.plist.strings; name = de; path = de.lproj/SettingsPage.strings; sourceTree = "<group>"; };
		19E9CF9D227F5ED2006E6EE5 /* tr */ = {isa = PBXFileReference; lastKnownFileType = text.plist.strings; name = tr; path = tr.lproj/TransferPage.strings; sourceTree = "<group>"; };
		19E9CF9F227F5ED3006E6EE5 /* de */ = {isa = PBXFileReference; lastKnownFileType = text.plist.strings; name = de; path = de.lproj/TransferPage.strings; sourceTree = "<group>"; };
		19E9CFA022802BFE006E6EE5 /* Bundle.swift */ = {isa = PBXFileReference; lastKnownFileType = sourcecode.swift; path = Bundle.swift; sourceTree = "<group>"; };
		19E9CFA222802D60006E6EE5 /* String.swift */ = {isa = PBXFileReference; lastKnownFileType = sourcecode.swift; path = String.swift; sourceTree = "<group>"; };
		76B467EB225E25B300DD2E25 /* Bezahlen.swift */ = {isa = PBXFileReference; lastKnownFileType = sourcecode.swift; path = Bezahlen.swift; sourceTree = "<group>"; };
/* End PBXFileReference section */

/* Begin PBXFrameworksBuildPhase section */
		19B58DB5223D298500B081FD /* Frameworks */ = {
			isa = PBXFrameworksBuildPhase;
			buildActionMask = 2147483647;
			files = (
			);
			runOnlyForDeploymentPostprocessing = 0;
		};
		19B58DCB223D298600B081FD /* Frameworks */ = {
			isa = PBXFrameworksBuildPhase;
			buildActionMask = 2147483647;
			files = (
			);
			runOnlyForDeploymentPostprocessing = 0;
		};
		19B58DD6223D298600B081FD /* Frameworks */ = {
			isa = PBXFrameworksBuildPhase;
			buildActionMask = 2147483647;
			files = (
			);
			runOnlyForDeploymentPostprocessing = 0;
		};
/* End PBXFrameworksBuildPhase section */

/* Begin PBXGroup section */
		19B58DAF223D298500B081FD = {
			isa = PBXGroup;
			children = (
				19B58DBA223D298500B081FD /* Tau-Pay */,
				19B58DD1223D298600B081FD /* Tau-PayTests */,
				19B58DDC223D298600B081FD /* Tau-PayUITests */,
				19B58DB9223D298500B081FD /* Products */,
			);
			sourceTree = "<group>";
		};
		19B58DB9223D298500B081FD /* Products */ = {
			isa = PBXGroup;
			children = (
				19B58DB8223D298500B081FD /* Tau-Pay.app */,
				19B58DCE223D298600B081FD /* Tau-PayTests.xctest */,
				19B58DD9223D298600B081FD /* Tau-PayUITests.xctest */,
			);
			name = Products;
			sourceTree = "<group>";
		};
		19B58DBA223D298500B081FD /* Tau-Pay */ = {
			isa = PBXGroup;
			children = (
				19B58DC4223D298600B081FD /* Assets.xcassets */,
				195D78282269CB140041B1CF /* TauPay.png */,
				19B58DC9223D298600B081FD /* Info.plist */,
				19B58DC1223D298500B081FD /* Main.storyboard */,
				19E9CF48227F5DC1006E6EE5 /* BagisStoryboard.storyboard */,
				19E9CF51227F5E6E006E6EE5 /* BezahlenPage.storyboard */,
				19E9CF5A227F5E7C006E6EE5 /* ChangePasswordPage.storyboard */,
				19E9CF5D227F5E83006E6EE5 /* FeedbackPage.storyboard */,
				19E9CF60227F5E87006E6EE5 /* FirstLoginPage.storyboard */,
				19E9CF63227F5E8D006E6EE5 /* ForgotPasswordPage.storyboard */,
				19E9CF66227F5E91006E6EE5 /* ProfilePage.storyboard */,
				19E9CF69227F5E95006E6EE5 /* RecommendPage.storyboard */,
				19E9CF6C227F5E9A006E6EE5 /* SettingsPage.storyboard */,
				19E9CF6F227F5E9D006E6EE5 /* TransferPage.storyboard */,
				19B58DBB223D298500B081FD /* AppDelegate.swift */,
				19B58DBD223D298500B081FD /* Bagis.swift */,
				76B467EB225E25B300DD2E25 /* Bezahlen.swift */,
				19789EDB225A3B010028029C /* ChangePasswordViewController.swift */,
				192E33A32258C51500C63CEB /* ConstantsAndRequestFunctions.swift */,
				19E446F62282FD79005D12A5 /* ConstantViewFunctions.swift */,
				1967EFBE224E355200E0173F /* FeedbackViewController.swift */,
				1965F071225E717500C8427D /* FirstLogin.swift */,
				1965F06D225E24C700C8427D /* ForgotPassword.swift */,
				19DA6AC6224B3D7500D1F3CF /* LoginViewController.swift */,
				19B58DEB223D2D4C00B081FD /* Oner.swift */,
				19B58DED223D323800B081FD /* ParaGonder.swift */,
				19B58DBF223D298500B081FD /* Profil.swift */,
				19298634225F406000765D3A /* ProfileTabController.swift */,
				1915D4E92270D04E00BBC463 /* SettingsController.swift */,
				1915D4DB226E19FF00BBC463 /* TabbarViewController.swift */,
				197DFBE3225FAD8000F84A18 /* NotificationCenterExtension.swift */,
				19E9CF43227F5D83006E6EE5 /* Localizable.strings */,
				19E9CFA022802BFE006E6EE5 /* Bundle.swift */,
				19E9CFA222802D60006E6EE5 /* String.swift */,
			);
			path = "Tau-Pay";
			sourceTree = "<group>";
		};
		19B58DD1223D298600B081FD /* Tau-PayTests */ = {
			isa = PBXGroup;
			children = (
				19B58DD2223D298600B081FD /* Tau_PayTests.swift */,
				19B58DD4223D298600B081FD /* Info.plist */,
			);
			path = "Tau-PayTests";
			sourceTree = "<group>";
		};
		19B58DDC223D298600B081FD /* Tau-PayUITests */ = {
			isa = PBXGroup;
			children = (
				19B58DDD223D298600B081FD /* Tau_PayUITests.swift */,
				19B58DDF223D298600B081FD /* Info.plist */,
			);
			path = "Tau-PayUITests";
			sourceTree = "<group>";
		};
/* End PBXGroup section */

/* Begin PBXNativeTarget section */
		19B58DB7223D298500B081FD /* Tau-Pay */ = {
			isa = PBXNativeTarget;
			buildConfigurationList = 19B58DE2223D298600B081FD /* Build configuration list for PBXNativeTarget "Tau-Pay" */;
			buildPhases = (
				19B58DB4223D298500B081FD /* Sources */,
				19B58DB5223D298500B081FD /* Frameworks */,
				19B58DB6223D298500B081FD /* Resources */,
			);
			buildRules = (
			);
			dependencies = (
			);
			name = "Tau-Pay";
			productName = "Tau-Pay";
			productReference = 19B58DB8223D298500B081FD /* Tau-Pay.app */;
			productType = "com.apple.product-type.application";
		};
		19B58DCD223D298600B081FD /* Tau-PayTests */ = {
			isa = PBXNativeTarget;
			buildConfigurationList = 19B58DE5223D298600B081FD /* Build configuration list for PBXNativeTarget "Tau-PayTests" */;
			buildPhases = (
				19B58DCA223D298600B081FD /* Sources */,
				19B58DCB223D298600B081FD /* Frameworks */,
				19B58DCC223D298600B081FD /* Resources */,
			);
			buildRules = (
			);
			dependencies = (
				19B58DD0223D298600B081FD /* PBXTargetDependency */,
			);
			name = "Tau-PayTests";
			productName = "Tau-PayTests";
			productReference = 19B58DCE223D298600B081FD /* Tau-PayTests.xctest */;
			productType = "com.apple.product-type.bundle.unit-test";
		};
		19B58DD8223D298600B081FD /* Tau-PayUITests */ = {
			isa = PBXNativeTarget;
			buildConfigurationList = 19B58DE8223D298600B081FD /* Build configuration list for PBXNativeTarget "Tau-PayUITests" */;
			buildPhases = (
				19B58DD5223D298600B081FD /* Sources */,
				19B58DD6223D298600B081FD /* Frameworks */,
				19B58DD7223D298600B081FD /* Resources */,
			);
			buildRules = (
			);
			dependencies = (
				19B58DDB223D298600B081FD /* PBXTargetDependency */,
			);
			name = "Tau-PayUITests";
			productName = "Tau-PayUITests";
			productReference = 19B58DD9223D298600B081FD /* Tau-PayUITests.xctest */;
			productType = "com.apple.product-type.bundle.ui-testing";
		};
/* End PBXNativeTarget section */

/* Begin PBXProject section */
		19B58DB0223D298500B081FD /* Project object */ = {
			isa = PBXProject;
			attributes = {
				LastSwiftUpdateCheck = 1010;
				LastUpgradeCheck = 1010;
				ORGANIZATIONNAME = "Nusret Özateş";
				TargetAttributes = {
					19B58DB7223D298500B081FD = {
						CreatedOnToolsVersion = 10.1;
						LastSwiftMigration = 1020;
					};
					19B58DCD223D298600B081FD = {
						CreatedOnToolsVersion = 10.1;
						LastSwiftMigration = 1020;
						TestTargetID = 19B58DB7223D298500B081FD;
					};
					19B58DD8223D298600B081FD = {
						CreatedOnToolsVersion = 10.1;
						LastSwiftMigration = 1020;
						TestTargetID = 19B58DB7223D298500B081FD;
					};
				};
			};
			buildConfigurationList = 19B58DB3223D298500B081FD /* Build configuration list for PBXProject "Tau-Pay" */;
			compatibilityVersion = "Xcode 9.3";
			developmentRegion = en;
			hasScannedForEncodings = 0;
			knownRegions = (
				en,
				Base,
				tr,
				de,
			);
			mainGroup = 19B58DAF223D298500B081FD;
			productRefGroup = 19B58DB9223D298500B081FD /* Products */;
			projectDirPath = "";
			projectRoot = "";
			targets = (
				19B58DB7223D298500B081FD /* Tau-Pay */,
				19B58DCD223D298600B081FD /* Tau-PayTests */,
				19B58DD8223D298600B081FD /* Tau-PayUITests */,
			);
		};
/* End PBXProject section */

/* Begin PBXResourcesBuildPhase section */
		19B58DB6223D298500B081FD /* Resources */ = {
			isa = PBXResourcesBuildPhase;
			buildActionMask = 2147483647;
			files = (
				19E9CF5B227F5E83006E6EE5 /* FeedbackPage.storyboard in Resources */,
				19E9CF46227F5DC1006E6EE5 /* BagisStoryboard.storyboard in Resources */,
				19E9CF67227F5E95006E6EE5 /* RecommendPage.storyboard in Resources */,
				19E9CF41227F5D83006E6EE5 /* Localizable.strings in Resources */,
				19B58DC5223D298600B081FD /* Assets.xcassets in Resources */,
				19E9CF61227F5E8D006E6EE5 /* ForgotPasswordPage.storyboard in Resources */,
				19E9CF64227F5E91006E6EE5 /* ProfilePage.storyboard in Resources */,
				19E9CF4F227F5E6E006E6EE5 /* BezahlenPage.storyboard in Resources */,
				19B58DC3223D298500B081FD /* Main.storyboard in Resources */,
				19E9CF5E227F5E87006E6EE5 /* FirstLoginPage.storyboard in Resources */,
				195D78292269CB140041B1CF /* TauPay.png in Resources */,
				19E9CF6A227F5E9A006E6EE5 /* SettingsPage.storyboard in Resources */,
				19E9CF58227F5E7C006E6EE5 /* ChangePasswordPage.storyboard in Resources */,
				19E9CF6D227F5E9D006E6EE5 /* TransferPage.storyboard in Resources */,
			);
			runOnlyForDeploymentPostprocessing = 0;
		};
		19B58DCC223D298600B081FD /* Resources */ = {
			isa = PBXResourcesBuildPhase;
			buildActionMask = 2147483647;
			files = (
			);
			runOnlyForDeploymentPostprocessing = 0;
		};
		19B58DD7223D298600B081FD /* Resources */ = {
			isa = PBXResourcesBuildPhase;
			buildActionMask = 2147483647;
			files = (
			);
			runOnlyForDeploymentPostprocessing = 0;
		};
/* End PBXResourcesBuildPhase section */

/* Begin PBXSourcesBuildPhase section */
		19B58DB4223D298500B081FD /* Sources */ = {
			isa = PBXSourcesBuildPhase;
			buildActionMask = 2147483647;
			files = (
				1915D4DC226E19FF00BBC463 /* TabbarViewController.swift in Sources */,
				19DA6AC7224B3D7500D1F3CF /* LoginViewController.swift in Sources */,
				1915D4EA2270D04E00BBC463 /* SettingsController.swift in Sources */,
				19B58DC0223D298500B081FD /* Profil.swift in Sources */,
				19B58DBC223D298500B081FD /* AppDelegate.swift in Sources */,
				19789EDC225A3B010028029C /* ChangePasswordViewController.swift in Sources */,
				76B467EC225E25B300DD2E25 /* Bezahlen.swift in Sources */,
				192E33A42258C51500C63CEB /* ConstantsAndRequestFunctions.swift in Sources */,
				1965F072225E717500C8427D /* FirstLogin.swift in Sources */,
				19E446F72282FD79005D12A5 /* ConstantViewFunctions.swift in Sources */,
				1967EFBF224E355200E0173F /* FeedbackViewController.swift in Sources */,
				19298635225F406000765D3A /* ProfileTabController.swift in Sources */,
				197DFBE4225FAD8000F84A18 /* NotificationCenterExtension.swift in Sources */,
				19E9CFA322802D60006E6EE5 /* String.swift in Sources */,
				19B58DEE223D323800B081FD /* ParaGonder.swift in Sources */,
				19E9CFA122802BFE006E6EE5 /* Bundle.swift in Sources */,
				19B58DEC223D2D4C00B081FD /* Oner.swift in Sources */,
				19B58DBE223D298500B081FD /* Bagis.swift in Sources */,
				1965F06E225E24C700C8427D /* ForgotPassword.swift in Sources */,
			);
			runOnlyForDeploymentPostprocessing = 0;
		};
		19B58DCA223D298600B081FD /* Sources */ = {
			isa = PBXSourcesBuildPhase;
			buildActionMask = 2147483647;
			files = (
				19B58DD3223D298600B081FD /* Tau_PayTests.swift in Sources */,
			);
			runOnlyForDeploymentPostprocessing = 0;
		};
		19B58DD5223D298600B081FD /* Sources */ = {
			isa = PBXSourcesBuildPhase;
			buildActionMask = 2147483647;
			files = (
				19B58DDE223D298600B081FD /* Tau_PayUITests.swift in Sources */,
			);
			runOnlyForDeploymentPostprocessing = 0;
		};
/* End PBXSourcesBuildPhase section */

/* Begin PBXTargetDependency section */
		19B58DD0223D298600B081FD /* PBXTargetDependency */ = {
			isa = PBXTargetDependency;
			target = 19B58DB7223D298500B081FD /* Tau-Pay */;
			targetProxy = 19B58DCF223D298600B081FD /* PBXContainerItemProxy */;
		};
		19B58DDB223D298600B081FD /* PBXTargetDependency */ = {
			isa = PBXTargetDependency;
			target = 19B58DB7223D298500B081FD /* Tau-Pay */;
			targetProxy = 19B58DDA223D298600B081FD /* PBXContainerItemProxy */;
		};
/* End PBXTargetDependency section */

/* Begin PBXVariantGroup section */
		19B58DC1223D298500B081FD /* Main.storyboard */ = {
			isa = PBXVariantGroup;
			children = (
				19B58DC2223D298500B081FD /* Base */,
				19E9CF34227F5A56006E6EE5 /* tr */,
				19E9CF35227F5A5D006E6EE5 /* de */,
			);
			name = Main.storyboard;
			sourceTree = "<group>";
		};
		19E9CF43227F5D83006E6EE5 /* Localizable.strings */ = {
			isa = PBXVariantGroup;
			children = (
				19E9CF44227F5D88006E6EE5 /* tr */,
				19E9CF45227F5D89006E6EE5 /* de */,
			);
			name = Localizable.strings;
			sourceTree = "<group>";
		};
		19E9CF48227F5DC1006E6EE5 /* BagisStoryboard.storyboard */ = {
			isa = PBXVariantGroup;
			children = (
				19E9CF47227F5DC1006E6EE5 /* Base */,
				19E9CF4C227F5DCF006E6EE5 /* tr */,
				19E9CF4E227F5DD0006E6EE5 /* de */,
			);
			name = BagisStoryboard.storyboard;
			sourceTree = "<group>";
		};
		19E9CF51227F5E6E006E6EE5 /* BezahlenPage.storyboard */ = {
			isa = PBXVariantGroup;
			children = (
				19E9CF50227F5E6E006E6EE5 /* Base */,
				19E9CF55227F5E75006E6EE5 /* tr */,
				19E9CF57227F5E76006E6EE5 /* de */,
			);
			name = BezahlenPage.storyboard;
			sourceTree = "<group>";
		};
		19E9CF5A227F5E7C006E6EE5 /* ChangePasswordPage.storyboard */ = {
			isa = PBXVariantGroup;
			children = (
				19E9CF59227F5E7C006E6EE5 /* Base */,
				19E9CF73227F5EA8006E6EE5 /* tr */,
				19E9CF75227F5EA8006E6EE5 /* de */,
			);
			name = ChangePasswordPage.storyboard;
			sourceTree = "<group>";
		};
		19E9CF5D227F5E83006E6EE5 /* FeedbackPage.storyboard */ = {
			isa = PBXVariantGroup;
			children = (
				19E9CF5C227F5E83006E6EE5 /* Base */,
				19E9CF79227F5EAC006E6EE5 /* tr */,
				19E9CF7B227F5EAD006E6EE5 /* de */,
			);
			name = FeedbackPage.storyboard;
			sourceTree = "<group>";
		};
		19E9CF60227F5E87006E6EE5 /* FirstLoginPage.storyboard */ = {
			isa = PBXVariantGroup;
			children = (
				19E9CF5F227F5E87006E6EE5 /* Base */,
				19E9CF7F227F5EB0006E6EE5 /* tr */,
				19E9CF81227F5EB1006E6EE5 /* de */,
			);
			name = FirstLoginPage.storyboard;
			sourceTree = "<group>";
		};
		19E9CF63227F5E8D006E6EE5 /* ForgotPasswordPage.storyboard */ = {
			isa = PBXVariantGroup;
			children = (
				19E9CF62227F5E8D006E6EE5 /* Base */,
				19E9CF85227F5EB4006E6EE5 /* tr */,
				19E9CF87227F5EB5006E6EE5 /* de */,
			);
			name = ForgotPasswordPage.storyboard;
			sourceTree = "<group>";
		};
		19E9CF66227F5E91006E6EE5 /* ProfilePage.storyboard */ = {
			isa = PBXVariantGroup;
			children = (
				19E9CF65227F5E91006E6EE5 /* Base */,
				19E9CF8B227F5EB9006E6EE5 /* tr */,
				19E9CF8D227F5EBD006E6EE5 /* de */,
			);
			name = ProfilePage.storyboard;
			sourceTree = "<group>";
		};
		19E9CF69227F5E95006E6EE5 /* RecommendPage.storyboard */ = {
			isa = PBXVariantGroup;
			children = (
				19E9CF68227F5E95006E6EE5 /* Base */,
				19E9CF91227F5EC4006E6EE5 /* tr */,
				19E9CF93227F5EC5006E6EE5 /* de */,
			);
			name = RecommendPage.storyboard;
			sourceTree = "<group>";
		};
		19E9CF6C227F5E9A006E6EE5 /* SettingsPage.storyboard */ = {
			isa = PBXVariantGroup;
			children = (
				19E9CF6B227F5E9A006E6EE5 /* Base */,
				19E9CF97227F5ECB006E6EE5 /* tr */,
				19E9CF99227F5ECD006E6EE5 /* de */,
			);
			name = SettingsPage.storyboard;
			sourceTree = "<group>";
		};
		19E9CF6F227F5E9D006E6EE5 /* TransferPage.storyboard */ = {
			isa = PBXVariantGroup;
			children = (
				19E9CF6E227F5E9D006E6EE5 /* Base */,
				19E9CF9D227F5ED2006E6EE5 /* tr */,
				19E9CF9F227F5ED3006E6EE5 /* de */,
			);
			name = TransferPage.storyboard;
			sourceTree = "<group>";
		};
/* End PBXVariantGroup section */

/* Begin XCBuildConfiguration section */
		19B58DE0223D298600B081FD /* Debug */ = {
			isa = XCBuildConfiguration;
			buildSettings = {
				ALWAYS_SEARCH_USER_PATHS = NO;
				CLANG_ANALYZER_LOCALIZABILITY_NONLOCALIZED = YES;
				CLANG_ANALYZER_NONNULL = YES;
				CLANG_ANALYZER_NUMBER_OBJECT_CONVERSION = YES_AGGRESSIVE;
				CLANG_CXX_LANGUAGE_STANDARD = "gnu++14";
				CLANG_CXX_LIBRARY = "libc++";
				CLANG_ENABLE_MODULES = YES;
				CLANG_ENABLE_OBJC_ARC = YES;
				CLANG_ENABLE_OBJC_WEAK = YES;
				CLANG_WARN_BLOCK_CAPTURE_AUTORELEASING = YES;
				CLANG_WARN_BOOL_CONVERSION = YES;
				CLANG_WARN_COMMA = YES;
				CLANG_WARN_CONSTANT_CONVERSION = YES;
				CLANG_WARN_DEPRECATED_OBJC_IMPLEMENTATIONS = YES;
				CLANG_WARN_DIRECT_OBJC_ISA_USAGE = YES_ERROR;
				CLANG_WARN_DOCUMENTATION_COMMENTS = YES;
				CLANG_WARN_EMPTY_BODY = YES;
				CLANG_WARN_ENUM_CONVERSION = YES;
				CLANG_WARN_INFINITE_RECURSION = YES;
				CLANG_WARN_INT_CONVERSION = YES;
				CLANG_WARN_NON_LITERAL_NULL_CONVERSION = YES;
				CLANG_WARN_OBJC_IMPLICIT_RETAIN_SELF = YES;
				CLANG_WARN_OBJC_LITERAL_CONVERSION = YES;
				CLANG_WARN_OBJC_ROOT_CLASS = YES_ERROR;
				CLANG_WARN_RANGE_LOOP_ANALYSIS = YES;
				CLANG_WARN_STRICT_PROTOTYPES = YES;
				CLANG_WARN_SUSPICIOUS_MOVE = YES;
				CLANG_WARN_UNGUARDED_AVAILABILITY = YES_AGGRESSIVE;
				CLANG_WARN_UNREACHABLE_CODE = YES;
				CLANG_WARN__DUPLICATE_METHOD_MATCH = YES;
				CODE_SIGN_IDENTITY = "iPhone Developer";
				COPY_PHASE_STRIP = NO;
				DEBUG_INFORMATION_FORMAT = dwarf;
				ENABLE_STRICT_OBJC_MSGSEND = YES;
				ENABLE_TESTABILITY = YES;
				GCC_C_LANGUAGE_STANDARD = gnu11;
				GCC_DYNAMIC_NO_PIC = NO;
				GCC_NO_COMMON_BLOCKS = YES;
				GCC_OPTIMIZATION_LEVEL = 0;
				GCC_PREPROCESSOR_DEFINITIONS = (
					"DEBUG=1",
					"$(inherited)",
				);
				GCC_WARN_64_TO_32_BIT_CONVERSION = YES;
				GCC_WARN_ABOUT_RETURN_TYPE = YES_ERROR;
				GCC_WARN_UNDECLARED_SELECTOR = YES;
				GCC_WARN_UNINITIALIZED_AUTOS = YES_AGGRESSIVE;
				GCC_WARN_UNUSED_FUNCTION = YES;
				GCC_WARN_UNUSED_VARIABLE = YES;
				IPHONEOS_DEPLOYMENT_TARGET = 12.1;
				MTL_ENABLE_DEBUG_INFO = INCLUDE_SOURCE;
				MTL_FAST_MATH = YES;
				ONLY_ACTIVE_ARCH = YES;
				SDKROOT = iphoneos;
				SWIFT_ACTIVE_COMPILATION_CONDITIONS = DEBUG;
				SWIFT_OPTIMIZATION_LEVEL = "-Onone";
			};
			name = Debug;
		};
		19B58DE1223D298600B081FD /* Release */ = {
			isa = XCBuildConfiguration;
			buildSettings = {
				ALWAYS_SEARCH_USER_PATHS = NO;
				CLANG_ANALYZER_LOCALIZABILITY_NONLOCALIZED = YES;
				CLANG_ANALYZER_NONNULL = YES;
				CLANG_ANALYZER_NUMBER_OBJECT_CONVERSION = YES_AGGRESSIVE;
				CLANG_CXX_LANGUAGE_STANDARD = "gnu++14";
				CLANG_CXX_LIBRARY = "libc++";
				CLANG_ENABLE_MODULES = YES;
				CLANG_ENABLE_OBJC_ARC = YES;
				CLANG_ENABLE_OBJC_WEAK = YES;
				CLANG_WARN_BLOCK_CAPTURE_AUTORELEASING = YES;
				CLANG_WARN_BOOL_CONVERSION = YES;
				CLANG_WARN_COMMA = YES;
				CLANG_WARN_CONSTANT_CONVERSION = YES;
				CLANG_WARN_DEPRECATED_OBJC_IMPLEMENTATIONS = YES;
				CLANG_WARN_DIRECT_OBJC_ISA_USAGE = YES_ERROR;
				CLANG_WARN_DOCUMENTATION_COMMENTS = YES;
				CLANG_WARN_EMPTY_BODY = YES;
				CLANG_WARN_ENUM_CONVERSION = YES;
				CLANG_WARN_INFINITE_RECURSION = YES;
				CLANG_WARN_INT_CONVERSION = YES;
				CLANG_WARN_NON_LITERAL_NULL_CONVERSION = YES;
				CLANG_WARN_OBJC_IMPLICIT_RETAIN_SELF = YES;
				CLANG_WARN_OBJC_LITERAL_CONVERSION = YES;
				CLANG_WARN_OBJC_ROOT_CLASS = YES_ERROR;
				CLANG_WARN_RANGE_LOOP_ANALYSIS = YES;
				CLANG_WARN_STRICT_PROTOTYPES = YES;
				CLANG_WARN_SUSPICIOUS_MOVE = YES;
				CLANG_WARN_UNGUARDED_AVAILABILITY = YES_AGGRESSIVE;
				CLANG_WARN_UNREACHABLE_CODE = YES;
				CLANG_WARN__DUPLICATE_METHOD_MATCH = YES;
				CODE_SIGN_IDENTITY = "iPhone Developer";
				COPY_PHASE_STRIP = NO;
				DEBUG_INFORMATION_FORMAT = "dwarf-with-dsym";
				ENABLE_NS_ASSERTIONS = NO;
				ENABLE_STRICT_OBJC_MSGSEND = YES;
				GCC_C_LANGUAGE_STANDARD = gnu11;
				GCC_NO_COMMON_BLOCKS = YES;
				GCC_WARN_64_TO_32_BIT_CONVERSION = YES;
				GCC_WARN_ABOUT_RETURN_TYPE = YES_ERROR;
				GCC_WARN_UNDECLARED_SELECTOR = YES;
				GCC_WARN_UNINITIALIZED_AUTOS = YES_AGGRESSIVE;
				GCC_WARN_UNUSED_FUNCTION = YES;
				GCC_WARN_UNUSED_VARIABLE = YES;
				IPHONEOS_DEPLOYMENT_TARGET = 12.1;
				MTL_ENABLE_DEBUG_INFO = NO;
				MTL_FAST_MATH = YES;
				SDKROOT = iphoneos;
				SWIFT_COMPILATION_MODE = wholemodule;
				SWIFT_OPTIMIZATION_LEVEL = "-O";
				VALIDATE_PRODUCT = YES;
			};
			name = Release;
		};
		19B58DE3223D298600B081FD /* Debug */ = {
			isa = XCBuildConfiguration;
			buildSettings = {
				ASSETCATALOG_COMPILER_APPICON_NAME = AppIcon;
				CODE_SIGN_STYLE = Automatic;
				DEVELOPMENT_TEAM = 498DJ774AV;
				INFOPLIST_FILE = "Tau-Pay/Info.plist";
				LD_RUNPATH_SEARCH_PATHS = (
					"$(inherited)",
					"@executable_path/Frameworks",
				);
				PRODUCT_BUNDLE_IDENTIFIER = "com.nusretozates.Tau-Pay";
				PRODUCT_NAME = "$(TARGET_NAME)";
				SWIFT_VERSION = 4.2;
				TARGETED_DEVICE_FAMILY = "1,2";
			};
			name = Debug;
		};
		19B58DE4223D298600B081FD /* Release */ = {
			isa = XCBuildConfiguration;
			buildSettings = {
				ASSETCATALOG_COMPILER_APPICON_NAME = AppIcon;
				CODE_SIGN_STYLE = Automatic;
				DEVELOPMENT_TEAM = 498DJ774AV;
				INFOPLIST_FILE = "Tau-Pay/Info.plist";
				LD_RUNPATH_SEARCH_PATHS = (
					"$(inherited)",
					"@executable_path/Frameworks",
				);
				PRODUCT_BUNDLE_IDENTIFIER = "com.nusretozates.Tau-Pay";
				PRODUCT_NAME = "$(TARGET_NAME)";
				SWIFT_VERSION = 4.2;
				TARGETED_DEVICE_FAMILY = "1,2";
			};
			name = Release;
		};
		19B58DE6223D298600B081FD /* Debug */ = {
			isa = XCBuildConfiguration;
			buildSettings = {
				ALWAYS_EMBED_SWIFT_STANDARD_LIBRARIES = YES;
				BUNDLE_LOADER = "$(TEST_HOST)";
				CODE_SIGN_STYLE = Automatic;
				DEVELOPMENT_TEAM = R4CD923965;
				INFOPLIST_FILE = "Tau-PayTests/Info.plist";
				LD_RUNPATH_SEARCH_PATHS = (
					"$(inherited)",
					"@executable_path/Frameworks",
					"@loader_path/Frameworks",
				);
				PRODUCT_BUNDLE_IDENTIFIER = "com.nusretozates.Tau-PayTests";
				PRODUCT_NAME = "$(TARGET_NAME)";
				SWIFT_VERSION = 5.0;
				TARGETED_DEVICE_FAMILY = "1,2";
				TEST_HOST = "$(BUILT_PRODUCTS_DIR)/Tau-Pay.app/Tau-Pay";
			};
			name = Debug;
		};
		19B58DE7223D298600B081FD /* Release */ = {
			isa = XCBuildConfiguration;
			buildSettings = {
				ALWAYS_EMBED_SWIFT_STANDARD_LIBRARIES = YES;
				BUNDLE_LOADER = "$(TEST_HOST)";
				CODE_SIGN_STYLE = Automatic;
				DEVELOPMENT_TEAM = R4CD923965;
				INFOPLIST_FILE = "Tau-PayTests/Info.plist";
				LD_RUNPATH_SEARCH_PATHS = (
					"$(inherited)",
					"@executable_path/Frameworks",
					"@loader_path/Frameworks",
				);
				PRODUCT_BUNDLE_IDENTIFIER = "com.nusretozates.Tau-PayTests";
				PRODUCT_NAME = "$(TARGET_NAME)";
				SWIFT_VERSION = 5.0;
				TARGETED_DEVICE_FAMILY = "1,2";
				TEST_HOST = "$(BUILT_PRODUCTS_DIR)/Tau-Pay.app/Tau-Pay";
			};
			name = Release;
		};
		19B58DE9223D298600B081FD /* Debug */ = {
			isa = XCBuildConfiguration;
			buildSettings = {
				ALWAYS_EMBED_SWIFT_STANDARD_LIBRARIES = YES;
				CODE_SIGN_STYLE = Automatic;
				DEVELOPMENT_TEAM = R4CD923965;
				INFOPLIST_FILE = "Tau-PayUITests/Info.plist";
				LD_RUNPATH_SEARCH_PATHS = (
					"$(inherited)",
					"@executable_path/Frameworks",
					"@loader_path/Frameworks",
				);
				PRODUCT_BUNDLE_IDENTIFIER = "com.nusretozates.Tau-PayUITests";
				PRODUCT_NAME = "$(TARGET_NAME)";
				SWIFT_VERSION = 5.0;
				TARGETED_DEVICE_FAMILY = "1,2";
				TEST_TARGET_NAME = "Tau-Pay";
			};
			name = Debug;
		};
		19B58DEA223D298600B081FD /* Release */ = {
			isa = XCBuildConfiguration;
			buildSettings = {
				ALWAYS_EMBED_SWIFT_STANDARD_LIBRARIES = YES;
				CODE_SIGN_STYLE = Automatic;
				DEVELOPMENT_TEAM = R4CD923965;
				INFOPLIST_FILE = "Tau-PayUITests/Info.plist";
				LD_RUNPATH_SEARCH_PATHS = (
					"$(inherited)",
					"@executable_path/Frameworks",
					"@loader_path/Frameworks",
				);
				PRODUCT_BUNDLE_IDENTIFIER = "com.nusretozates.Tau-PayUITests";
				PRODUCT_NAME = "$(TARGET_NAME)";
				SWIFT_VERSION = 5.0;
				TARGETED_DEVICE_FAMILY = "1,2";
				TEST_TARGET_NAME = "Tau-Pay";
			};
			name = Release;
		};
/* End XCBuildConfiguration section */

/* Begin XCConfigurationList section */
		19B58DB3223D298500B081FD /* Build configuration list for PBXProject "Tau-Pay" */ = {
			isa = XCConfigurationList;
			buildConfigurations = (
				19B58DE0223D298600B081FD /* Debug */,
				19B58DE1223D298600B081FD /* Release */,
			);
			defaultConfigurationIsVisible = 0;
			defaultConfigurationName = Release;
		};
		19B58DE2223D298600B081FD /* Build configuration list for PBXNativeTarget "Tau-Pay" */ = {
			isa = XCConfigurationList;
			buildConfigurations = (
				19B58DE3223D298600B081FD /* Debug */,
				19B58DE4223D298600B081FD /* Release */,
			);
			defaultConfigurationIsVisible = 0;
			defaultConfigurationName = Release;
		};
		19B58DE5223D298600B081FD /* Build configuration list for PBXNativeTarget "Tau-PayTests" */ = {
			isa = XCConfigurationList;
			buildConfigurations = (
				19B58DE6223D298600B081FD /* Debug */,
				19B58DE7223D298600B081FD /* Release */,
			);
			defaultConfigurationIsVisible = 0;
			defaultConfigurationName = Release;
		};
		19B58DE8223D298600B081FD /* Build configuration list for PBXNativeTarget "Tau-PayUITests" */ = {
			isa = XCConfigurationList;
			buildConfigurations = (
				19B58DE9223D298600B081FD /* Debug */,
				19B58DEA223D298600B081FD /* Release */,
			);
			defaultConfigurationIsVisible = 0;
			defaultConfigurationName = Release;
		};
/* End XCConfigurationList section */
	};
	rootObject = 19B58DB0223D298500B081FD /* Project object */;
}
