// !$*UTF8*$!
{
	archiveVersion = 1;
	classes = {
	};
	objectVersion = 50;
	objects = {

/* Begin PBXBuildFile section */
		192E33A42258C51500C63CEB /* ConstantsAndRequestFunctions.swift in Sources */ = {isa = PBXBuildFile; fileRef = 192E33A32258C51500C63CEB /* ConstantsAndRequestFunctions.swift */; };
		1930ECFA225D276400438BFC /* ProfileTabController.swift in Sources */ = {isa = PBXBuildFile; fileRef = 1930ECF9225D276400438BFC /* ProfileTabController.swift */; };
		1967EFBD224CE0FB00E0173F /* BagisStoryboard.storyboard in Resources */ = {isa = PBXBuildFile; fileRef = 1967EFBC224CE0FB00E0173F /* BagisStoryboard.storyboard */; };
		1967EFBF224E355200E0173F /* FeedbackViewController.swift in Sources */ = {isa = PBXBuildFile; fileRef = 1967EFBE224E355200E0173F /* FeedbackViewController.swift */; };
		19789EDA225A39AD0028029C /* ChangePasswordPage.storyboard in Resources */ = {isa = PBXBuildFile; fileRef = 19789ED9225A39AD0028029C /* ChangePasswordPage.storyboard */; };
		19789EDC225A3B010028029C /* ChangePasswordViewController.swift in Sources */ = {isa = PBXBuildFile; fileRef = 19789EDB225A3B010028029C /* ChangePasswordViewController.swift */; };
		19B58DBC223D298500B081FD /* AppDelegate.swift in Sources */ = {isa = PBXBuildFile; fileRef = 19B58DBB223D298500B081FD /* AppDelegate.swift */; };
		19B58DBE223D298500B081FD /* Bagis.swift in Sources */ = {isa = PBXBuildFile; fileRef = 19B58DBD223D298500B081FD /* Bagis.swift */; };
		19B58DC0223D298500B081FD /* Profil.swift in Sources */ = {isa = PBXBuildFile; fileRef = 19B58DBF223D298500B081FD /* Profil.swift */; };
		19B58DC3223D298500B081FD /* Main.storyboard in Resources */ = {isa = PBXBuildFile; fileRef = 19B58DC1223D298500B081FD /* Main.storyboard */; };
		19B58DC5223D298600B081FD /* Assets.xcassets in Resources */ = {isa = PBXBuildFile; fileRef = 19B58DC4223D298600B081FD /* Assets.xcassets */; };
		19B58DD3223D298600B081FD /* Tau_PayTests.swift in Sources */ = {isa = PBXBuildFile; fileRef = 19B58DD2223D298600B081FD /* Tau_PayTests.swift */; };
		19B58DDE223D298600B081FD /* Tau_PayUITests.swift in Sources */ = {isa = PBXBuildFile; fileRef = 19B58DDD223D298600B081FD /* Tau_PayUITests.swift */; };
		19B58DEC223D2D4C00B081FD /* Oner.swift in Sources */ = {isa = PBXBuildFile; fileRef = 19B58DEB223D2D4C00B081FD /* Oner.swift */; };
		19B58DEE223D323800B081FD /* ParaGonder.swift in Sources */ = {isa = PBXBuildFile; fileRef = 19B58DED223D323800B081FD /* ParaGonder.swift */; };
		19DA6AC7224B3D7500D1F3CF /* LoginViewController.swift in Sources */ = {isa = PBXBuildFile; fileRef = 19DA6AC6224B3D7500D1F3CF /* LoginViewController.swift */; };
		431D0A7B225BF2C700638214 /* Bezahlen.storyboard in Resources */ = {isa = PBXBuildFile; fileRef = 431D0A7A225BF2C700638214 /* Bezahlen.storyboard */; };
		AC392247224CF0EA00F1765E /* ProfilePage.storyboard in Resources */ = {isa = PBXBuildFile; fileRef = AC392246224CF0EA00F1765E /* ProfilePage.storyboard */; };
		AC392249224CF10000F1765E /* RecommendPage.storyboard in Resources */ = {isa = PBXBuildFile; fileRef = AC392248224CF10000F1765E /* RecommendPage.storyboard */; };
		AC39224B224CF11700F1765E /* TransferPage.storyboard in Resources */ = {isa = PBXBuildFile; fileRef = AC39224A224CF11700F1765E /* TransferPage.storyboard */; };
		AC39224F224CF19800F1765E /* FirstLoginPage.storyboard in Resources */ = {isa = PBXBuildFile; fileRef = AC39224E224CF19800F1765E /* FirstLoginPage.storyboard */; };
		AC392251224CF28200F1765E /* FeedbackPage.storyboard in Resources */ = {isa = PBXBuildFile; fileRef = AC392250224CF28200F1765E /* FeedbackPage.storyboard */; };
/* End PBXBuildFile section */

/* Begin PBXContainerItemProxy section */
		19B58DCF223D298600B081FD /* PBXContainerItemProxy */ = {
			isa = PBXContainerItemProxy;
			containerPortal = 19B58DB0223D298500B081FD /* Project object */;
			proxyType = 1;
			remoteGlobalIDString = 19B58DB7223D298500B081FD;
			remoteInfo = "Tau-Pay";
		};
		19B58DDA223D298600B081FD /* PBXContainerItemProxy */ = {
			isa = PBXContainerItemProxy;
			containerPortal = 19B58DB0223D298500B081FD /* Project object */;
			proxyType = 1;
			remoteGlobalIDString = 19B58DB7223D298500B081FD;
			remoteInfo = "Tau-Pay";
		};
/* End PBXContainerItemProxy section */

/* Begin PBXFileReference section */
		192E33A32258C51500C63CEB /* ConstantsAndRequestFunctions.swift */ = {isa = PBXFileReference; lastKnownFileType = sourcecode.swift; path = ConstantsAndRequestFunctions.swift; sourceTree = "<group>"; };
		1930ECF9225D276400438BFC /* ProfileTabController.swift */ = {isa = PBXFileReference; lastKnownFileType = sourcecode.swift; path = ProfileTabController.swift; sourceTree = "<group>"; };
		1967EFBC224CE0FB00E0173F /* BagisStoryboard.storyboard */ = {isa = PBXFileReference; lastKnownFileType = file.storyboard; path = BagisStoryboard.storyboard; sourceTree = "<group>"; };
		1967EFBE224E355200E0173F /* FeedbackViewController.swift */ = {isa = PBXFileReference; lastKnownFileType = sourcecode.swift; path = FeedbackViewController.swift; sourceTree = "<group>"; };
		19789ED9225A39AD0028029C /* ChangePasswordPage.storyboard */ = {isa = PBXFileReference; lastKnownFileType = file.storyboard; path = ChangePasswordPage.storyboard; sourceTree = "<group>"; };
		19789EDB225A3B010028029C /* ChangePasswordViewController.swift */ = {isa = PBXFileReference; lastKnownFileType = sourcecode.swift; path = ChangePasswordViewController.swift; sourceTree = "<group>"; };
		19B58DB8223D298500B081FD /* Tau-Pay.app */ = {isa = PBXFileReference; explicitFileType = wrapper.application; includeInIndex = 0; path = "Tau-Pay.app"; sourceTree = BUILT_PRODUCTS_DIR; };
		19B58DBB223D298500B081FD /* AppDelegate.swift */ = {isa = PBXFileReference; lastKnownFileType = sourcecode.swift; path = AppDelegate.swift; sourceTree = "<group>"; };
		19B58DBD223D298500B081FD /* Bagis.swift */ = {isa = PBXFileReference; lastKnownFileType = sourcecode.swift; path = Bagis.swift; sourceTree = "<group>"; };
		19B58DBF223D298500B081FD /* Profil.swift */ = {isa = PBXFileReference; lastKnownFileType = sourcecode.swift; path = Profil.swift; sourceTree = "<group>"; };
		19B58DC2223D298500B081FD /* Base */ = {isa = PBXFileReference; lastKnownFileType = file.storyboard; name = Base; path = Base.lproj/Main.storyboard; sourceTree = "<group>"; };
		19B58DC4223D298600B081FD /* Assets.xcassets */ = {isa = PBXFileReference; lastKnownFileType = folder.assetcatalog; path = Assets.xcassets; sourceTree = "<group>"; };
		19B58DC9223D298600B081FD /* Info.plist */ = {isa = PBXFileReference; lastKnownFileType = text.plist.xml; path = Info.plist; sourceTree = "<group>"; };
		19B58DCE223D298600B081FD /* Tau-PayTests.xctest */ = {isa = PBXFileReference; explicitFileType = wrapper.cfbundle; includeInIndex = 0; path = "Tau-PayTests.xctest"; sourceTree = BUILT_PRODUCTS_DIR; };
		19B58DD2223D298600B081FD /* Tau_PayTests.swift */ = {isa = PBXFileReference; lastKnownFileType = sourcecode.swift; path = Tau_PayTests.swift; sourceTree = "<group>"; };
		19B58DD4223D298600B081FD /* Info.plist */ = {isa = PBXFileReference; lastKnownFileType = text.plist.xml; path = Info.plist; sourceTree = "<group>"; };
		19B58DD9223D298600B081FD /* Tau-PayUITests.xctest */ = {isa = PBXFileReference; explicitFileType = wrapper.cfbundle; includeInIndex = 0; path = "Tau-PayUITests.xctest"; sourceTree = BUILT_PRODUCTS_DIR; };
		19B58DDD223D298600B081FD /* Tau_PayUITests.swift */ = {isa = PBXFileReference; lastKnownFileType = sourcecode.swift; path = Tau_PayUITests.swift; sourceTree = "<group>"; };
		19B58DDF223D298600B081FD /* Info.plist */ = {isa = PBXFileReference; lastKnownFileType = text.plist.xml; path = Info.plist; sourceTree = "<group>"; };
		19B58DEB223D2D4C00B081FD /* Oner.swift */ = {isa = PBXFileReference; lastKnownFileType = sourcecode.swift; path = Oner.swift; sourceTree = "<group>"; };
		19B58DED223D323800B081FD /* ParaGonder.swift */ = {isa = PBXFileReference; lastKnownFileType = sourcecode.swift; path = ParaGonder.swift; sourceTree = "<group>"; };
		19DA6AC6224B3D7500D1F3CF /* LoginViewController.swift */ = {isa = PBXFileReference; lastKnownFileType = sourcecode.swift; path = LoginViewController.swift; sourceTree = "<group>"; };
		431D0A7A225BF2C700638214 /* Bezahlen.storyboard */ = {isa = PBXFileReference; lastKnownFileType = file.storyboard; path = Bezahlen.storyboard; sourceTree = "<group>"; };
		AC392246224CF0EA00F1765E /* ProfilePage.storyboard */ = {isa = PBXFileReference; lastKnownFileType = file.storyboard; path = ProfilePage.storyboard; sourceTree = "<group>"; };
		AC392248224CF10000F1765E /* RecommendPage.storyboard */ = {isa = PBXFileReference; lastKnownFileType = file.storyboard; path = RecommendPage.storyboard; sourceTree = "<group>"; };
		AC39224A224CF11700F1765E /* TransferPage.storyboard */ = {isa = PBXFileReference; lastKnownFileType = file.storyboard; path = TransferPage.storyboard; sourceTree = "<group>"; };
		AC39224E224CF19800F1765E /* FirstLoginPage.storyboard */ = {isa = PBXFileReference; lastKnownFileType = file.storyboard; path = FirstLoginPage.storyboard; sourceTree = "<group>"; };
		AC392250224CF28200F1765E /* FeedbackPage.storyboard */ = {isa = PBXFileReference; lastKnownFileType = file.storyboard; path = FeedbackPage.storyboard; sourceTree = "<group>"; };
/* End PBXFileReference section */

/* Begin PBXFrameworksBuildPhase section */
		19B58DB5223D298500B081FD /* Frameworks */ = {
			isa = PBXFrameworksBuildPhase;
			buildActionMask = 2147483647;
			files = (
			);
			runOnlyForDeploymentPostprocessing = 0;
		};
		19B58DCB223D298600B081FD /* Frameworks */ = {
			isa = PBXFrameworksBuildPhase;
			buildActionMask = 2147483647;
			files = (
			);
			runOnlyForDeploymentPostprocessing = 0;
		};
		19B58DD6223D298600B081FD /* Frameworks */ = {
			isa = PBXFrameworksBuildPhase;
			buildActionMask = 2147483647;
			files = (
			);
			runOnlyForDeploymentPostprocessing = 0;
		};
/* End PBXFrameworksBuildPhase section */

/* Begin PBXGroup section */
		19B58DAF223D298500B081FD = {
			isa = PBXGroup;
			children = (
				19B58DBA223D298500B081FD /* Tau-Pay */,
				19B58DD1223D298600B081FD /* Tau-PayTests */,
				19B58DDC223D298600B081FD /* Tau-PayUITests */,
				19B58DB9223D298500B081FD /* Products */,
			);
			sourceTree = "<group>";
		};
		19B58DB9223D298500B081FD /* Products */ = {
			isa = PBXGroup;
			children = (
				19B58DB8223D298500B081FD /* Tau-Pay.app */,
				19B58DCE223D298600B081FD /* Tau-PayTests.xctest */,
				19B58DD9223D298600B081FD /* Tau-PayUITests.xctest */,
			);
			name = Products;
			sourceTree = "<group>";
		};
		19B58DBA223D298500B081FD /* Tau-Pay */ = {
			isa = PBXGroup;
			children = (
				19B58DC9223D298600B081FD /* Info.plist */,
				19B58DC1223D298500B081FD /* Main.storyboard */,
				1967EFBC224CE0FB00E0173F /* BagisStoryboard.storyboard */,
				431D0A7A225BF2C700638214 /* Bezahlen.storyboard */,
				19789ED9225A39AD0028029C /* ChangePasswordPage.storyboard */,
				AC39224E224CF19800F1765E /* FirstLoginPage.storyboard */,
				AC392246224CF0EA00F1765E /* ProfilePage.storyboard */,
				AC392248224CF10000F1765E /* RecommendPage.storyboard */,
				AC39224A224CF11700F1765E /* TransferPage.storyboard */,
				AC392250224CF28200F1765E /* FeedbackPage.storyboard */,
				19B58DBB223D298500B081FD /* AppDelegate.swift */,
				19B58DBD223D298500B081FD /* Bagis.swift */,
				19789EDB225A3B010028029C /* ChangePasswordViewController.swift */,
				1967EFBE224E355200E0173F /* FeedbackViewController.swift */,
				19DA6AC6224B3D7500D1F3CF /* LoginViewController.swift */,
				19B58DEB223D2D4C00B081FD /* Oner.swift */,
				19B58DED223D323800B081FD /* ParaGonder.swift */,
				19B58DBF223D298500B081FD /* Profil.swift */,
				192E33A32258C51500C63CEB /* ConstantsAndRequestFunctions.swift */,
				19B58DC4223D298600B081FD /* Assets.xcassets */,
				1930ECF9225D276400438BFC /* ProfileTabController.swift */,
			);
			path = "Tau-Pay";
			sourceTree = "<group>";
		};
		19B58DD1223D298600B081FD /* Tau-PayTests */ = {
			isa = PBXGroup;
			children = (
				19B58DD2223D298600B081FD /* Tau_PayTests.swift */,
				19B58DD4223D298600B081FD /* Info.plist */,
			);
			path = "Tau-PayTests";
			sourceTree = "<group>";
		};
		19B58DDC223D298600B081FD /* Tau-PayUITests */ = {
			isa = PBXGroup;
			children = (
				19B58DDD223D298600B081FD /* Tau_PayUITests.swift */,
				19B58DDF223D298600B081FD /* Info.plist */,
			);
			path = "Tau-PayUITests";
			sourceTree = "<group>";
		};
/* End PBXGroup section */

/* Begin PBXNativeTarget section */
		19B58DB7223D298500B081FD /* Tau-Pay */ = {
			isa = PBXNativeTarget;
			buildConfigurationList = 19B58DE2223D298600B081FD /* Build configuration list for PBXNativeTarget "Tau-Pay" */;
			buildPhases = (
				19B58DB4223D298500B081FD /* Sources */,
				19B58DB5223D298500B081FD /* Frameworks */,
				19B58DB6223D298500B081FD /* Resources */,
			);
			buildRules = (
			);
			dependencies = (
			);
			name = "Tau-Pay";
			productName = "Tau-Pay";
			productReference = 19B58DB8223D298500B081FD /* Tau-Pay.app */;
			productType = "com.apple.product-type.application";
		};
		19B58DCD223D298600B081FD /* Tau-PayTests */ = {
			isa = PBXNativeTarget;
			buildConfigurationList = 19B58DE5223D298600B081FD /* Build configuration list for PBXNativeTarget "Tau-PayTests" */;
			buildPhases = (
				19B58DCA223D298600B081FD /* Sources */,
				19B58DCB223D298600B081FD /* Frameworks */,
				19B58DCC223D298600B081FD /* Resources */,
			);
			buildRules = (
			);
			dependencies = (
				19B58DD0223D298600B081FD /* PBXTargetDependency */,
			);
			name = "Tau-PayTests";
			productName = "Tau-PayTests";
			productReference = 19B58DCE223D298600B081FD /* Tau-PayTests.xctest */;
			productType = "com.apple.product-type.bundle.unit-test";
		};
		19B58DD8223D298600B081FD /* Tau-PayUITests */ = {
			isa = PBXNativeTarget;
			buildConfigurationList = 19B58DE8223D298600B081FD /* Build configuration list for PBXNativeTarget "Tau-PayUITests" */;
			buildPhases = (
				19B58DD5223D298600B081FD /* Sources */,
				19B58DD6223D298600B081FD /* Frameworks */,
				19B58DD7223D298600B081FD /* Resources */,
			);
			buildRules = (
			);
			dependencies = (
				19B58DDB223D298600B081FD /* PBXTargetDependency */,
			);
			name = "Tau-PayUITests";
			productName = "Tau-PayUITests";
			productReference = 19B58DD9223D298600B081FD /* Tau-PayUITests.xctest */;
			productType = "com.apple.product-type.bundle.ui-testing";
		};
/* End PBXNativeTarget section */

/* Begin PBXProject section */
		19B58DB0223D298500B081FD /* Project object */ = {
			isa = PBXProject;
			attributes = {
				LastSwiftUpdateCheck = 1010;
				LastUpgradeCheck = 1010;
				ORGANIZATIONNAME = "Nusret Özateş";
				TargetAttributes = {
					19B58DB7223D298500B081FD = {
						CreatedOnToolsVersion = 10.1;
						LastSwiftMigration = 1020;
					};
					19B58DCD223D298600B081FD = {
						CreatedOnToolsVersion = 10.1;
						LastSwiftMigration = 1020;
						TestTargetID = 19B58DB7223D298500B081FD;
					};
					19B58DD8223D298600B081FD = {
						CreatedOnToolsVersion = 10.1;
						LastSwiftMigration = 1020;
						TestTargetID = 19B58DB7223D298500B081FD;
					};
				};
			};
			buildConfigurationList = 19B58DB3223D298500B081FD /* Build configuration list for PBXProject "Tau-Pay" */;
			compatibilityVersion = "Xcode 9.3";
			developmentRegion = en;
			hasScannedForEncodings = 0;
			knownRegions = (
				en,
				Base,
			);
			mainGroup = 19B58DAF223D298500B081FD;
			productRefGroup = 19B58DB9223D298500B081FD /* Products */;
			projectDirPath = "";
			projectRoot = "";
			targets = (
				19B58DB7223D298500B081FD /* Tau-Pay */,
				19B58DCD223D298600B081FD /* Tau-PayTests */,
				19B58DD8223D298600B081FD /* Tau-PayUITests */,
			);
		};
/* End PBXProject section */

/* Begin PBXResourcesBuildPhase section */
		19B58DB6223D298500B081FD /* Resources */ = {
			isa = PBXResourcesBuildPhase;
			buildActionMask = 2147483647;
			files = (
				AC392251224CF28200F1765E /* FeedbackPage.storyboard in Resources */,
				1967EFBD224CE0FB00E0173F /* BagisStoryboard.storyboard in Resources */,
				AC392249224CF10000F1765E /* RecommendPage.storyboard in Resources */,
				19B58DC5223D298600B081FD /* Assets.xcassets in Resources */,
				431D0A7B225BF2C700638214 /* Bezahlen.storyboard in Resources */,
				AC392247224CF0EA00F1765E /* ProfilePage.storyboard in Resources */,
				19B58DC3223D298500B081FD /* Main.storyboard in Resources */,
				AC39224F224CF19800F1765E /* FirstLoginPage.storyboard in Resources */,
				19789EDA225A39AD0028029C /* ChangePasswordPage.storyboard in Resources */,
				AC39224B224CF11700F1765E /* TransferPage.storyboard in Resources */,
			);
			runOnlyForDeploymentPostprocessing = 0;
		};
		19B58DCC223D298600B081FD /* Resources */ = {
			isa = PBXResourcesBuildPhase;
			buildActionMask = 2147483647;
			files = (
			);
			runOnlyForDeploymentPostprocessing = 0;
		};
		19B58DD7223D298600B081FD /* Resources */ = {
			isa = PBXResourcesBuildPhase;
			buildActionMask = 2147483647;
			files = (
			);
			runOnlyForDeploymentPostprocessing = 0;
		};
/* End PBXResourcesBuildPhase section */

/* Begin PBXSourcesBuildPhase section */
		19B58DB4223D298500B081FD /* Sources */ = {
			isa = PBXSourcesBuildPhase;
			buildActionMask = 2147483647;
			files = (
				19DA6AC7224B3D7500D1F3CF /* LoginViewController.swift in Sources */,
				19B58DC0223D298500B081FD /* Profil.swift in Sources */,
				19B58DBC223D298500B081FD /* AppDelegate.swift in Sources */,
				19789EDC225A3B010028029C /* ChangePasswordViewController.swift in Sources */,
				192E33A42258C51500C63CEB /* ConstantsAndRequestFunctions.swift in Sources */,
				1967EFBF224E355200E0173F /* FeedbackViewController.swift in Sources */,
				19B58DEE223D323800B081FD /* ParaGonder.swift in Sources */,
				19B58DEC223D2D4C00B081FD /* Oner.swift in Sources */,
				19B58DBE223D298500B081FD /* Bagis.swift in Sources */,
				1930ECFA225D276400438BFC /* ProfileTabController.swift in Sources */,
			);
			runOnlyForDeploymentPostprocessing = 0;
		};
		19B58DCA223D298600B081FD /* Sources */ = {
			isa = PBXSourcesBuildPhase;
			buildActionMask = 2147483647;
			files = (
				19B58DD3223D298600B081FD /* Tau_PayTests.swift in Sources */,
			);
			runOnlyForDeploymentPostprocessing = 0;
		};
		19B58DD5223D298600B081FD /* Sources */ = {
			isa = PBXSourcesBuildPhase;
			buildActionMask = 2147483647;
			files = (
				19B58DDE223D298600B081FD /* Tau_PayUITests.swift in Sources */,
			);
			runOnlyForDeploymentPostprocessing = 0;
		};
/* End PBXSourcesBuildPhase section */

/* Begin PBXTargetDependency section */
		19B58DD0223D298600B081FD /* PBXTargetDependency */ = {
			isa = PBXTargetDependency;
			target = 19B58DB7223D298500B081FD /* Tau-Pay */;
			targetProxy = 19B58DCF223D298600B081FD /* PBXContainerItemProxy */;
		};
		19B58DDB223D298600B081FD /* PBXTargetDependency */ = {
			isa = PBXTargetDependency;
			target = 19B58DB7223D298500B081FD /* Tau-Pay */;
			targetProxy = 19B58DDA223D298600B081FD /* PBXContainerItemProxy */;
		};
/* End PBXTargetDependency section */

/* Begin PBXVariantGroup section */
		19B58DC1223D298500B081FD /* Main.storyboard */ = {
			isa = PBXVariantGroup;
			children = (
				19B58DC2223D298500B081FD /* Base */,
			);
			name = Main.storyboard;
			sourceTree = "<group>";
		};
/* End PBXVariantGroup section */

/* Begin XCBuildConfiguration section */
		19B58DE0223D298600B081FD /* Debug */ = {
			isa = XCBuildConfiguration;
			buildSettings = {
				ALWAYS_SEARCH_USER_PATHS = NO;
				CLANG_ANALYZER_NONNULL = YES;
				CLANG_ANALYZER_NUMBER_OBJECT_CONVERSION = YES_AGGRESSIVE;
				CLANG_CXX_LANGUAGE_STANDARD = "gnu++14";
				CLANG_CXX_LIBRARY = "libc++";
				CLANG_ENABLE_MODULES = YES;
				CLANG_ENABLE_OBJC_ARC = YES;
				CLANG_ENABLE_OBJC_WEAK = YES;
				CLANG_WARN_BLOCK_CAPTURE_AUTORELEASING = YES;
				CLANG_WARN_BOOL_CONVERSION = YES;
				CLANG_WARN_COMMA = YES;
				CLANG_WARN_CONSTANT_CONVERSION = YES;
				CLANG_WARN_DEPRECATED_OBJC_IMPLEMENTATIONS = YES;
				CLANG_WARN_DIRECT_OBJC_ISA_USAGE = YES_ERROR;
				CLANG_WARN_DOCUMENTATION_COMMENTS = YES;
				CLANG_WARN_EMPTY_BODY = YES;
				CLANG_WARN_ENUM_CONVERSION = YES;
				CLANG_WARN_INFINITE_RECURSION = YES;
				CLANG_WARN_INT_CONVERSION = YES;
				CLANG_WARN_NON_LITERAL_NULL_CONVERSION = YES;
				CLANG_WARN_OBJC_IMPLICIT_RETAIN_SELF = YES;
				CLANG_WARN_OBJC_LITERAL_CONVERSION = YES;
				CLANG_WARN_OBJC_ROOT_CLASS = YES_ERROR;
				CLANG_WARN_RANGE_LOOP_ANALYSIS = YES;
				CLANG_WARN_STRICT_PROTOTYPES = YES;
				CLANG_WARN_SUSPICIOUS_MOVE = YES;
				CLANG_WARN_UNGUARDED_AVAILABILITY = YES_AGGRESSIVE;
				CLANG_WARN_UNREACHABLE_CODE = YES;
				CLANG_WARN__DUPLICATE_METHOD_MATCH = YES;
				CODE_SIGN_IDENTITY = "iPhone Developer";
				COPY_PHASE_STRIP = NO;
				DEBUG_INFORMATION_FORMAT = dwarf;
				ENABLE_STRICT_OBJC_MSGSEND = YES;
				ENABLE_TESTABILITY = YES;
				GCC_C_LANGUAGE_STANDARD = gnu11;
				GCC_DYNAMIC_NO_PIC = NO;
				GCC_NO_COMMON_BLOCKS = YES;
				GCC_OPTIMIZATION_LEVEL = 0;
				GCC_PREPROCESSOR_DEFINITIONS = (
					"DEBUG=1",
					"$(inherited)",
				);
				GCC_WARN_64_TO_32_BIT_CONVERSION = YES;
				GCC_WARN_ABOUT_RETURN_TYPE = YES_ERROR;
				GCC_WARN_UNDECLARED_SELECTOR = YES;
				GCC_WARN_UNINITIALIZED_AUTOS = YES_AGGRESSIVE;
				GCC_WARN_UNUSED_FUNCTION = YES;
				GCC_WARN_UNUSED_VARIABLE = YES;
				IPHONEOS_DEPLOYMENT_TARGET = 12.1;
				MTL_ENABLE_DEBUG_INFO = INCLUDE_SOURCE;
				MTL_FAST_MATH = YES;
				ONLY_ACTIVE_ARCH = YES;
				SDKROOT = iphoneos;
				SWIFT_ACTIVE_COMPILATION_CONDITIONS = DEBUG;
				SWIFT_OPTIMIZATION_LEVEL = "-Onone";
			};
			name = Debug;
		};
		19B58DE1223D298600B081FD /* Release */ = {
			isa = XCBuildConfiguration;
			buildSettings = {
				ALWAYS_SEARCH_USER_PATHS = NO;
				CLANG_ANALYZER_NONNULL = YES;
				CLANG_ANALYZER_NUMBER_OBJECT_CONVERSION = YES_AGGRESSIVE;
				CLANG_CXX_LANGUAGE_STANDARD = "gnu++14";
				CLANG_CXX_LIBRARY = "libc++";
				CLANG_ENABLE_MODULES = YES;
				CLANG_ENABLE_OBJC_ARC = YES;
				CLANG_ENABLE_OBJC_WEAK = YES;
				CLANG_WARN_BLOCK_CAPTURE_AUTORELEASING = YES;
				CLANG_WARN_BOOL_CONVERSION = YES;
				CLANG_WARN_COMMA = YES;
				CLANG_WARN_CONSTANT_CONVERSION = YES;
				CLANG_WARN_DEPRECATED_OBJC_IMPLEMENTATIONS = YES;
				CLANG_WARN_DIRECT_OBJC_ISA_USAGE = YES_ERROR;
				CLANG_WARN_DOCUMENTATION_COMMENTS = YES;
				CLANG_WARN_EMPTY_BODY = YES;
				CLANG_WARN_ENUM_CONVERSION = YES;
				CLANG_WARN_INFINITE_RECURSION = YES;
				CLANG_WARN_INT_CONVERSION = YES;
				CLANG_WARN_NON_LITERAL_NULL_CONVERSION = YES;
				CLANG_WARN_OBJC_IMPLICIT_RETAIN_SELF = YES;
				CLANG_WARN_OBJC_LITERAL_CONVERSION = YES;
				CLANG_WARN_OBJC_ROOT_CLASS = YES_ERROR;
				CLANG_WARN_RANGE_LOOP_ANALYSIS = YES;
				CLANG_WARN_STRICT_PROTOTYPES = YES;
				CLANG_WARN_SUSPICIOUS_MOVE = YES;
				CLANG_WARN_UNGUARDED_AVAILABILITY = YES_AGGRESSIVE;
				CLANG_WARN_UNREACHABLE_CODE = YES;
				CLANG_WARN__DUPLICATE_METHOD_MATCH = YES;
				CODE_SIGN_IDENTITY = "iPhone Developer";
				COPY_PHASE_STRIP = NO;
				DEBUG_INFORMATION_FORMAT = "dwarf-with-dsym";
				ENABLE_NS_ASSERTIONS = NO;
				ENABLE_STRICT_OBJC_MSGSEND = YES;
				GCC_C_LANGUAGE_STANDARD = gnu11;
				GCC_NO_COMMON_BLOCKS = YES;
				GCC_WARN_64_TO_32_BIT_CONVERSION = YES;
				GCC_WARN_ABOUT_RETURN_TYPE = YES_ERROR;
				GCC_WARN_UNDECLARED_SELECTOR = YES;
				GCC_WARN_UNINITIALIZED_AUTOS = YES_AGGRESSIVE;
				GCC_WARN_UNUSED_FUNCTION = YES;
				GCC_WARN_UNUSED_VARIABLE = YES;
				IPHONEOS_DEPLOYMENT_TARGET = 12.1;
				MTL_ENABLE_DEBUG_INFO = NO;
				MTL_FAST_MATH = YES;
				SDKROOT = iphoneos;
				SWIFT_COMPILATION_MODE = wholemodule;
				SWIFT_OPTIMIZATION_LEVEL = "-O";
				VALIDATE_PRODUCT = YES;
			};
			name = Release;
		};
		19B58DE3223D298600B081FD /* Debug */ = {
			isa = XCBuildConfiguration;
			buildSettings = {
				ASSETCATALOG_COMPILER_APPICON_NAME = AppIcon;
				CODE_SIGN_STYLE = Automatic;
				DEVELOPMENT_TEAM = R4CD923965;
				INFOPLIST_FILE = "Tau-Pay/Info.plist";
				LD_RUNPATH_SEARCH_PATHS = (
					"$(inherited)",
					"@executable_path/Frameworks",
				);
				PRODUCT_BUNDLE_IDENTIFIER = "com.nusretozates.Tau-Pay";
				PRODUCT_NAME = "$(TARGET_NAME)";
				SWIFT_VERSION = 4.2;
				TARGETED_DEVICE_FAMILY = "1,2";
			};
			name = Debug;
		};
		19B58DE4223D298600B081FD /* Release */ = {
			isa = XCBuildConfiguration;
			buildSettings = {
				ASSETCATALOG_COMPILER_APPICON_NAME = AppIcon;
				CODE_SIGN_STYLE = Automatic;
				DEVELOPMENT_TEAM = R4CD923965;
				INFOPLIST_FILE = "Tau-Pay/Info.plist";
				LD_RUNPATH_SEARCH_PATHS = (
					"$(inherited)",
					"@executable_path/Frameworks",
				);
				PRODUCT_BUNDLE_IDENTIFIER = "com.nusretozates.Tau-Pay";
				PRODUCT_NAME = "$(TARGET_NAME)";
				SWIFT_VERSION = 4.2;
				TARGETED_DEVICE_FAMILY = "1,2";
			};
			name = Release;
		};
		19B58DE6223D298600B081FD /* Debug */ = {
			isa = XCBuildConfiguration;
			buildSettings = {
				ALWAYS_EMBED_SWIFT_STANDARD_LIBRARIES = YES;
				BUNDLE_LOADER = "$(TEST_HOST)";
				CODE_SIGN_STYLE = Automatic;
				DEVELOPMENT_TEAM = R4CD923965;
				INFOPLIST_FILE = "Tau-PayTests/Info.plist";
				LD_RUNPATH_SEARCH_PATHS = (
					"$(inherited)",
					"@executable_path/Frameworks",
					"@loader_path/Frameworks",
				);
				PRODUCT_BUNDLE_IDENTIFIER = "com.nusretozates.Tau-PayTests";
				PRODUCT_NAME = "$(TARGET_NAME)";
				SWIFT_VERSION = 5.0;
				TARGETED_DEVICE_FAMILY = "1,2";
				TEST_HOST = "$(BUILT_PRODUCTS_DIR)/Tau-Pay.app/Tau-Pay";
			};
			name = Debug;
		};
		19B58DE7223D298600B081FD /* Release */ = {
			isa = XCBuildConfiguration;
			buildSettings = {
				ALWAYS_EMBED_SWIFT_STANDARD_LIBRARIES = YES;
				BUNDLE_LOADER = "$(TEST_HOST)";
				CODE_SIGN_STYLE = Automatic;
				DEVELOPMENT_TEAM = R4CD923965;
				INFOPLIST_FILE = "Tau-PayTests/Info.plist";
				LD_RUNPATH_SEARCH_PATHS = (
					"$(inherited)",
					"@executable_path/Frameworks",
					"@loader_path/Frameworks",
				);
				PRODUCT_BUNDLE_IDENTIFIER = "com.nusretozates.Tau-PayTests";
				PRODUCT_NAME = "$(TARGET_NAME)";
				SWIFT_VERSION = 5.0;
				TARGETED_DEVICE_FAMILY = "1,2";
				TEST_HOST = "$(BUILT_PRODUCTS_DIR)/Tau-Pay.app/Tau-Pay";
			};
			name = Release;
		};
		19B58DE9223D298600B081FD /* Debug */ = {
			isa = XCBuildConfiguration;
			buildSettings = {
				ALWAYS_EMBED_SWIFT_STANDARD_LIBRARIES = YES;
				CODE_SIGN_STYLE = Automatic;
				DEVELOPMENT_TEAM = R4CD923965;
				INFOPLIST_FILE = "Tau-PayUITests/Info.plist";
				LD_RUNPATH_SEARCH_PATHS = (
					"$(inherited)",
					"@executable_path/Frameworks",
					"@loader_path/Frameworks",
				);
				PRODUCT_BUNDLE_IDENTIFIER = "com.nusretozates.Tau-PayUITests";
				PRODUCT_NAME = "$(TARGET_NAME)";
				SWIFT_VERSION = 5.0;
				TARGETED_DEVICE_FAMILY = "1,2";
				TEST_TARGET_NAME = "Tau-Pay";
			};
			name = Debug;
		};
		19B58DEA223D298600B081FD /* Release */ = {
			isa = XCBuildConfiguration;
			buildSettings = {
				ALWAYS_EMBED_SWIFT_STANDARD_LIBRARIES = YES;
				CODE_SIGN_STYLE = Automatic;
				DEVELOPMENT_TEAM = R4CD923965;
				INFOPLIST_FILE = "Tau-PayUITests/Info.plist";
				LD_RUNPATH_SEARCH_PATHS = (
					"$(inherited)",
					"@executable_path/Frameworks",
					"@loader_path/Frameworks",
				);
				PRODUCT_BUNDLE_IDENTIFIER = "com.nusretozates.Tau-PayUITests";
				PRODUCT_NAME = "$(TARGET_NAME)";
				SWIFT_VERSION = 5.0;
				TARGETED_DEVICE_FAMILY = "1,2";
				TEST_TARGET_NAME = "Tau-Pay";
			};
			name = Release;
		};
/* End XCBuildConfiguration section */

/* Begin XCConfigurationList section */
		19B58DB3223D298500B081FD /* Build configuration list for PBXProject "Tau-Pay" */ = {
			isa = XCConfigurationList;
			buildConfigurations = (
				19B58DE0223D298600B081FD /* Debug */,
				19B58DE1223D298600B081FD /* Release */,
			);
			defaultConfigurationIsVisible = 0;
			defaultConfigurationName = Release;
		};
		19B58DE2223D298600B081FD /* Build configuration list for PBXNativeTarget "Tau-Pay" */ = {
			isa = XCConfigurationList;
			buildConfigurations = (
				19B58DE3223D298600B081FD /* Debug */,
				19B58DE4223D298600B081FD /* Release */,
			);
			defaultConfigurationIsVisible = 0;
			defaultConfigurationName = Release;
		};
		19B58DE5223D298600B081FD /* Build configuration list for PBXNativeTarget "Tau-PayTests" */ = {
			isa = XCConfigurationList;
			buildConfigurations = (
				19B58DE6223D298600B081FD /* Debug */,
				19B58DE7223D298600B081FD /* Release */,
			);
			defaultConfigurationIsVisible = 0;
			defaultConfigurationName = Release;
		};
		19B58DE8223D298600B081FD /* Build configuration list for PBXNativeTarget "Tau-PayUITests" */ = {
			isa = XCConfigurationList;
			buildConfigurations = (
				19B58DE9223D298600B081FD /* Debug */,
				19B58DEA223D298600B081FD /* Release */,
			);
			defaultConfigurationIsVisible = 0;
			defaultConfigurationName = Release;
		};
/* End XCConfigurationList section */
	};
	rootObject = 19B58DB0223D298500B081FD /* Project object */;
}
